
Microsoft Visual Studio Solution File, Format Version 12.00
# Visual Studio Version 17
VisualStudioVersion = 17.12.35527.113
MinimumVisualStudioVersion = 10.0.40219.1
Project("{FAE04EC0-301F-11D3-BF4B-00C04F79EFBC}") = "OnlineMovieTicketBookingSystem", "src\OnlineMovieTicketBookingSystem\OnlineMovieTicketBookingSystem.csproj", "{623A5C53-C9B4-45FA-A13E-19406FB2E0E6}"
EndProject
Project("{FAE04EC0-301F-11D3-BF4B-00C04F79EFBC}") = "EcommercePlatform", "src\EcommercePlatform\EcommercePlatform.csproj", "{AD923968-D0B8-4BE2-B64A-69A106BAB5D1}"
EndProject
Project("{FAE04EC0-301F-11D3-BF4B-00C04F79EFBC}") = "ParkingLotSystem", "src\ParkingLotSystem\ParkingLotSystem.csproj", "{6E995469-6E48-4D48-A342-03B7E8EB9645}"
EndProject
Project("{FAE04EC0-301F-11D3-BF4B-00C04F79EFBC}") = "BlackJackCardGame", "src\BlackJackCardGame\BlackJackCardGame.csproj", "{B9712EF7-CFA3-4EF7-9E7C-FA9102A44EF8}"
EndProject
Project("{FAE04EC0-301F-11D3-BF4B-00C04F79EFBC}") = "ChessGame", "src\ChessGame\ChessGame.csproj", "{E6A6511C-0AF7-435B-9827-8F31923E5ABA}"
EndProject
Project("{FAE04EC0-301F-11D3-BF4B-00C04F79EFBC}") = "LiveCricketCommentary", "src\LiveCricketCommentary\LiveCricketCommentary.csproj", "{6786450A-58E9-4CA2-8DA1-E7B3305F2A61}"
EndProject
Global
	GlobalSection(SolutionConfigurationPlatforms) = preSolution
		Debug|Any CPU = Debug|Any CPU
		Release|Any CPU = Release|Any CPU
	EndGlobalSection
	GlobalSection(ProjectConfigurationPlatforms) = postSolution
		{623A5C53-C9B4-45FA-A13E-19406FB2E0E6}.Debug|Any CPU.ActiveCfg = Debug|Any CPU
		{623A5C53-C9B4-45FA-A13E-19406FB2E0E6}.Debug|Any CPU.Build.0 = Debug|Any CPU
		{623A5C53-C9B4-45FA-A13E-19406FB2E0E6}.Release|Any CPU.ActiveCfg = Release|Any CPU
		{623A5C53-C9B4-45FA-A13E-19406FB2E0E6}.Release|Any CPU.Build.0 = Release|Any CPU
		{AD923968-D0B8-4BE2-B64A-69A106BAB5D1}.Debug|Any CPU.ActiveCfg = Debug|Any CPU
		{AD923968-D0B8-4BE2-B64A-69A106BAB5D1}.Debug|Any CPU.Build.0 = Debug|Any CPU
		{AD923968-D0B8-4BE2-B64A-69A106BAB5D1}.Release|Any CPU.ActiveCfg = Release|Any CPU
		{AD923968-D0B8-4BE2-B64A-69A106BAB5D1}.Release|Any CPU.Build.0 = Release|Any CPU
		{6E995469-6E48-4D48-A342-03B7E8EB9645}.Debug|Any CPU.ActiveCfg = Debug|Any CPU
		{6E995469-6E48-4D48-A342-03B7E8EB9645}.Debug|Any CPU.Build.0 = Debug|Any CPU
		{6E995469-6E48-4D48-A342-03B7E8EB9645}.Release|Any CPU.ActiveCfg = Release|Any CPU
		{6E995469-6E48-4D48-A342-03B7E8EB9645}.Release|Any CPU.Build.0 = Release|Any CPU
		{B9712EF7-CFA3-4EF7-9E7C-FA9102A44EF8}.Debug|Any CPU.ActiveCfg = Debug|Any CPU
		{B9712EF7-CFA3-4EF7-9E7C-FA9102A44EF8}.Debug|Any CPU.Build.0 = Debug|Any CPU
		{B9712EF7-CFA3-4EF7-9E7C-FA9102A44EF8}.Release|Any CPU.ActiveCfg = Release|Any CPU
		{B9712EF7-CFA3-4EF7-9E7C-FA9102A44EF8}.Release|Any CPU.Build.0 = Release|Any CPU
		{E6A6511C-0AF7-435B-9827-8F31923E5ABA}.Debug|Any CPU.ActiveCfg = Debug|Any CPU
		{E6A6511C-0AF7-435B-9827-8F31923E5ABA}.Debug|Any CPU.Build.0 = Debug|Any CPU
		{E6A6511C-0AF7-435B-9827-8F31923E5ABA}.Release|Any CPU.ActiveCfg = Release|Any CPU
		{E6A6511C-0AF7-435B-9827-8F31923E5ABA}.Release|Any CPU.Build.0 = Release|Any CPU
		{6786450A-58E9-4CA2-8DA1-E7B3305F2A61}.Debug|Any CPU.ActiveCfg = Debug|Any CPU
		{6786450A-58E9-4CA2-8DA1-E7B3305F2A61}.Debug|Any CPU.Build.0 = Debug|Any CPU
		{6786450A-58E9-4CA2-8DA1-E7B3305F2A61}.Release|Any CPU.ActiveCfg = Release|Any CPU
		{6786450A-58E9-4CA2-8DA1-E7B3305F2A61}.Release|Any CPU.Build.0 = Release|Any CPU
	EndGlobalSection
	GlobalSection(SolutionProperties) = preSolution
		HideSolutionNode = FALSE
	EndGlobalSection
EndGlobal
